
Microsoft Visual Studio Solution File, Format Version 12.00
# Visual Studio Version 17
VisualStudioVersion = 17.0.31903.59
MinimumVisualStudioVersion = 10.0.40219.1
Project("{FAE04EC0-301F-11D3-BF4B-00C04F79EFBC}") = "PetFamily.Api", "src\PetFamily.Api\PetFamily.Api.csproj", "{80623DAE-3641-48C1-9BAD-068C489C8D6D}"
EndProject
Project("{FAE04EC0-301F-11D3-BF4B-00C04F79EFBC}") = "PetFamily.Infrastructure", "src\PetFamily.Infrastructure\PetFamily.Infrastructure.csproj", "{FD48210E-20D1-4015-99DD-8614E513B299}"
EndProject
Project("{FAE04EC0-301F-11D3-BF4B-00C04F79EFBC}") = "PetFamily.Domain", "src\PetFamily.Domain\PetFamily.Domain.csproj", "{F3EF5A57-0769-4278-95E4-674C9C2B12B4}"
EndProject
Project("{FAE04EC0-301F-11D3-BF4B-00C04F79EFBC}") = "PetFamily.Application", "src\PetFamily.Application\PetFamily.Application.csproj", "{89413756-D493-4C18-A677-2BC0EB5ACA86}"
EndProject
Project("{2150E333-8FDC-42A3-9474-1A3956D46DE8}") = "Solution Items", "Solution Items", "{58EFA839-38D2-4F53-9302-D9B0593F0EA1}"
	ProjectSection(SolutionItems) = preProject
		compose.yaml = compose.yaml
		.editorconfig = .editorconfig
		Directory.Build.props = Directory.Build.props
	EndProjectSection
EndProject
Project("{2150E333-8FDC-42A3-9474-1A3956D46DE8}") = "tests", "tests", "{0AB3BF05-4346-4AA6-1389-037BE0695223}"
EndProject
Project("{FAE04EC0-301F-11D3-BF4B-00C04F79EFBC}") = "PetFamily.Application.UnitTests", "tests\PetFamily.Application.UnitTests\PetFamily.Application.UnitTests.csproj", "{3378BF01-E969-4694-BD76-8D9A8923A318}"
EndProject
Project("{FAE04EC0-301F-11D3-BF4B-00C04F79EFBC}") = "PetFamily.Domain.UnitTests", "tests\PetFamily.Domain.UnitTests\PetFamily.Domain.UnitTests.csproj", "{7013F3B1-7E79-4B44-8DA2-6FB8620A0F9E}"
EndProject
Project("{FAE04EC0-301F-11D3-BF4B-00C04F79EFBC}") = "PetFamily.Contracts", "src\PetFamily.Contracts\PetFamily.Contracts.csproj", "{96CBD00B-C32E-486F-9D71-FDF485D2DF75}"
EndProject
Project("{2150E333-8FDC-42A3-9474-1A3956D46DE8}") = "src", "src", "{A8D56F72-D5EA-45FA-BB3C-12504297846A}"
EndProject
Project("{FAE04EC0-301F-11D3-BF4B-00C04F79EFBC}") = "PetFamily.Application.IntegrationTests", "tests\PetFamily.Application.IntegrationTests\PetFamily.Application.IntegrationTests.csproj", "{A07F6466-237D-42C1-ADDA-C3B7887D4B41}"
EndProject
Global
	GlobalSection(SolutionConfigurationPlatforms) = preSolution
		Debug|Any CPU = Debug|Any CPU
		Debug|x64 = Debug|x64
		Debug|x86 = Debug|x86
		Release|Any CPU = Release|Any CPU
		Release|x64 = Release|x64
		Release|x86 = Release|x86
	EndGlobalSection
	GlobalSection(ProjectConfigurationPlatforms) = postSolution
		{80623DAE-3641-48C1-9BAD-068C489C8D6D}.Debug|Any CPU.ActiveCfg = Debug|Any CPU
		{80623DAE-3641-48C1-9BAD-068C489C8D6D}.Debug|Any CPU.Build.0 = Debug|Any CPU
		{80623DAE-3641-48C1-9BAD-068C489C8D6D}.Debug|x64.ActiveCfg = Debug|Any CPU
		{80623DAE-3641-48C1-9BAD-068C489C8D6D}.Debug|x64.Build.0 = Debug|Any CPU
		{80623DAE-3641-48C1-9BAD-068C489C8D6D}.Debug|x86.ActiveCfg = Debug|Any CPU
		{80623DAE-3641-48C1-9BAD-068C489C8D6D}.Debug|x86.Build.0 = Debug|Any CPU
		{80623DAE-3641-48C1-9BAD-068C489C8D6D}.Release|Any CPU.ActiveCfg = Release|Any CPU
		{80623DAE-3641-48C1-9BAD-068C489C8D6D}.Release|Any CPU.Build.0 = Release|Any CPU
		{80623DAE-3641-48C1-9BAD-068C489C8D6D}.Release|x64.ActiveCfg = Release|Any CPU
		{80623DAE-3641-48C1-9BAD-068C489C8D6D}.Release|x64.Build.0 = Release|Any CPU
		{80623DAE-3641-48C1-9BAD-068C489C8D6D}.Release|x86.ActiveCfg = Release|Any CPU
		{80623DAE-3641-48C1-9BAD-068C489C8D6D}.Release|x86.Build.0 = Release|Any CPU
		{FD48210E-20D1-4015-99DD-8614E513B299}.Debug|Any CPU.ActiveCfg = Debug|Any CPU
		{FD48210E-20D1-4015-99DD-8614E513B299}.Debug|Any CPU.Build.0 = Debug|Any CPU
		{FD48210E-20D1-4015-99DD-8614E513B299}.Debug|x64.ActiveCfg = Debug|Any CPU
		{FD48210E-20D1-4015-99DD-8614E513B299}.Debug|x64.Build.0 = Debug|Any CPU
		{FD48210E-20D1-4015-99DD-8614E513B299}.Debug|x86.ActiveCfg = Debug|Any CPU
		{FD48210E-20D1-4015-99DD-8614E513B299}.Debug|x86.Build.0 = Debug|Any CPU
		{FD48210E-20D1-4015-99DD-8614E513B299}.Release|Any CPU.ActiveCfg = Release|Any CPU
		{FD48210E-20D1-4015-99DD-8614E513B299}.Release|Any CPU.Build.0 = Release|Any CPU
		{FD48210E-20D1-4015-99DD-8614E513B299}.Release|x64.ActiveCfg = Release|Any CPU
		{FD48210E-20D1-4015-99DD-8614E513B299}.Release|x64.Build.0 = Release|Any CPU
		{FD48210E-20D1-4015-99DD-8614E513B299}.Release|x86.ActiveCfg = Release|Any CPU
		{FD48210E-20D1-4015-99DD-8614E513B299}.Release|x86.Build.0 = Release|Any CPU
		{F3EF5A57-0769-4278-95E4-674C9C2B12B4}.Debug|Any CPU.ActiveCfg = Debug|Any CPU
		{F3EF5A57-0769-4278-95E4-674C9C2B12B4}.Debug|Any CPU.Build.0 = Debug|Any CPU
		{F3EF5A57-0769-4278-95E4-674C9C2B12B4}.Debug|x64.ActiveCfg = Debug|Any CPU
		{F3EF5A57-0769-4278-95E4-674C9C2B12B4}.Debug|x64.Build.0 = Debug|Any CPU
		{F3EF5A57-0769-4278-95E4-674C9C2B12B4}.Debug|x86.ActiveCfg = Debug|Any CPU
		{F3EF5A57-0769-4278-95E4-674C9C2B12B4}.Debug|x86.Build.0 = Debug|Any CPU
		{F3EF5A57-0769-4278-95E4-674C9C2B12B4}.Release|Any CPU.ActiveCfg = Release|Any CPU
		{F3EF5A57-0769-4278-95E4-674C9C2B12B4}.Release|Any CPU.Build.0 = Release|Any CPU
		{F3EF5A57-0769-4278-95E4-674C9C2B12B4}.Release|x64.ActiveCfg = Release|Any CPU
		{F3EF5A57-0769-4278-95E4-674C9C2B12B4}.Release|x64.Build.0 = Release|Any CPU
		{F3EF5A57-0769-4278-95E4-674C9C2B12B4}.Release|x86.ActiveCfg = Release|Any CPU
		{F3EF5A57-0769-4278-95E4-674C9C2B12B4}.Release|x86.Build.0 = Release|Any CPU
		{89413756-D493-4C18-A677-2BC0EB5ACA86}.Debug|Any CPU.ActiveCfg = Debug|Any CPU
		{89413756-D493-4C18-A677-2BC0EB5ACA86}.Debug|Any CPU.Build.0 = Debug|Any CPU
		{89413756-D493-4C18-A677-2BC0EB5ACA86}.Debug|x64.ActiveCfg = Debug|Any CPU
		{89413756-D493-4C18-A677-2BC0EB5ACA86}.Debug|x64.Build.0 = Debug|Any CPU
		{89413756-D493-4C18-A677-2BC0EB5ACA86}.Debug|x86.ActiveCfg = Debug|Any CPU
		{89413756-D493-4C18-A677-2BC0EB5ACA86}.Debug|x86.Build.0 = Debug|Any CPU
		{89413756-D493-4C18-A677-2BC0EB5ACA86}.Release|Any CPU.ActiveCfg = Release|Any CPU
		{89413756-D493-4C18-A677-2BC0EB5ACA86}.Release|Any CPU.Build.0 = Release|Any CPU
		{89413756-D493-4C18-A677-2BC0EB5ACA86}.Release|x64.ActiveCfg = Release|Any CPU
		{89413756-D493-4C18-A677-2BC0EB5ACA86}.Release|x64.Build.0 = Release|Any CPU
		{89413756-D493-4C18-A677-2BC0EB5ACA86}.Release|x86.ActiveCfg = Release|Any CPU
		{89413756-D493-4C18-A677-2BC0EB5ACA86}.Release|x86.Build.0 = Release|Any CPU
		{3378BF01-E969-4694-BD76-8D9A8923A318}.Debug|Any CPU.ActiveCfg = Debug|Any CPU
		{3378BF01-E969-4694-BD76-8D9A8923A318}.Debug|Any CPU.Build.0 = Debug|Any CPU
		{3378BF01-E969-4694-BD76-8D9A8923A318}.Debug|x64.ActiveCfg = Debug|Any CPU
		{3378BF01-E969-4694-BD76-8D9A8923A318}.Debug|x64.Build.0 = Debug|Any CPU
		{3378BF01-E969-4694-BD76-8D9A8923A318}.Debug|x86.ActiveCfg = Debug|Any CPU
		{3378BF01-E969-4694-BD76-8D9A8923A318}.Debug|x86.Build.0 = Debug|Any CPU
		{3378BF01-E969-4694-BD76-8D9A8923A318}.Release|Any CPU.ActiveCfg = Release|Any CPU
		{3378BF01-E969-4694-BD76-8D9A8923A318}.Release|Any CPU.Build.0 = Release|Any CPU
		{3378BF01-E969-4694-BD76-8D9A8923A318}.Release|x64.ActiveCfg = Release|Any CPU
		{3378BF01-E969-4694-BD76-8D9A8923A318}.Release|x64.Build.0 = Release|Any CPU
		{3378BF01-E969-4694-BD76-8D9A8923A318}.Release|x86.ActiveCfg = Release|Any CPU
		{3378BF01-E969-4694-BD76-8D9A8923A318}.Release|x86.Build.0 = Release|Any CPU
		{7013F3B1-7E79-4B44-8DA2-6FB8620A0F9E}.Debug|Any CPU.ActiveCfg = Debug|Any CPU
		{7013F3B1-7E79-4B44-8DA2-6FB8620A0F9E}.Debug|Any CPU.Build.0 = Debug|Any CPU
		{7013F3B1-7E79-4B44-8DA2-6FB8620A0F9E}.Debug|x64.ActiveCfg = Debug|Any CPU
		{7013F3B1-7E79-4B44-8DA2-6FB8620A0F9E}.Debug|x64.Build.0 = Debug|Any CPU
		{7013F3B1-7E79-4B44-8DA2-6FB8620A0F9E}.Debug|x86.ActiveCfg = Debug|Any CPU
		{7013F3B1-7E79-4B44-8DA2-6FB8620A0F9E}.Debug|x86.Build.0 = Debug|Any CPU
		{7013F3B1-7E79-4B44-8DA2-6FB8620A0F9E}.Release|Any CPU.ActiveCfg = Release|Any CPU
		{7013F3B1-7E79-4B44-8DA2-6FB8620A0F9E}.Release|Any CPU.Build.0 = Release|Any CPU
		{7013F3B1-7E79-4B44-8DA2-6FB8620A0F9E}.Release|x64.ActiveCfg = Release|Any CPU
		{7013F3B1-7E79-4B44-8DA2-6FB8620A0F9E}.Release|x64.Build.0 = Release|Any CPU
		{7013F3B1-7E79-4B44-8DA2-6FB8620A0F9E}.Release|x86.ActiveCfg = Release|Any CPU
		{7013F3B1-7E79-4B44-8DA2-6FB8620A0F9E}.Release|x86.Build.0 = Release|Any CPU
		{96CBD00B-C32E-486F-9D71-FDF485D2DF75}.Debug|Any CPU.ActiveCfg = Debug|Any CPU
		{96CBD00B-C32E-486F-9D71-FDF485D2DF75}.Debug|Any CPU.Build.0 = Debug|Any CPU
		{96CBD00B-C32E-486F-9D71-FDF485D2DF75}.Debug|x64.ActiveCfg = Debug|Any CPU
		{96CBD00B-C32E-486F-9D71-FDF485D2DF75}.Debug|x64.Build.0 = Debug|Any CPU
		{96CBD00B-C32E-486F-9D71-FDF485D2DF75}.Debug|x86.ActiveCfg = Debug|Any CPU
		{96CBD00B-C32E-486F-9D71-FDF485D2DF75}.Debug|x86.Build.0 = Debug|Any CPU
		{96CBD00B-C32E-486F-9D71-FDF485D2DF75}.Release|Any CPU.ActiveCfg = Release|Any CPU
		{96CBD00B-C32E-486F-9D71-FDF485D2DF75}.Release|Any CPU.Build.0 = Release|Any CPU
		{96CBD00B-C32E-486F-9D71-FDF485D2DF75}.Release|x64.ActiveCfg = Release|Any CPU
		{96CBD00B-C32E-486F-9D71-FDF485D2DF75}.Release|x64.Build.0 = Release|Any CPU
		{96CBD00B-C32E-486F-9D71-FDF485D2DF75}.Release|x86.ActiveCfg = Release|Any CPU
		{96CBD00B-C32E-486F-9D71-FDF485D2DF75}.Release|x86.Build.0 = Release|Any CPU
		{A07F6466-237D-42C1-ADDA-C3B7887D4B41}.Debug|Any CPU.ActiveCfg = Debug|Any CPU
		{A07F6466-237D-42C1-ADDA-C3B7887D4B41}.Debug|Any CPU.Build.0 = Debug|Any CPU
		{A07F6466-237D-42C1-ADDA-C3B7887D4B41}.Debug|x64.ActiveCfg = Debug|Any CPU
		{A07F6466-237D-42C1-ADDA-C3B7887D4B41}.Debug|x64.Build.0 = Debug|Any CPU
		{A07F6466-237D-42C1-ADDA-C3B7887D4B41}.Debug|x86.ActiveCfg = Debug|Any CPU
		{A07F6466-237D-42C1-ADDA-C3B7887D4B41}.Debug|x86.Build.0 = Debug|Any CPU
		{A07F6466-237D-42C1-ADDA-C3B7887D4B41}.Release|Any CPU.ActiveCfg = Release|Any CPU
		{A07F6466-237D-42C1-ADDA-C3B7887D4B41}.Release|Any CPU.Build.0 = Release|Any CPU
		{A07F6466-237D-42C1-ADDA-C3B7887D4B41}.Release|x64.ActiveCfg = Release|Any CPU
		{A07F6466-237D-42C1-ADDA-C3B7887D4B41}.Release|x64.Build.0 = Release|Any CPU
		{A07F6466-237D-42C1-ADDA-C3B7887D4B41}.Release|x86.ActiveCfg = Release|Any CPU
		{A07F6466-237D-42C1-ADDA-C3B7887D4B41}.Release|x86.Build.0 = Release|Any CPU
	EndGlobalSection
	GlobalSection(SolutionProperties) = preSolution
		HideSolutionNode = FALSE
	EndGlobalSection
	GlobalSection(NestedProjects) = preSolution
		{3378BF01-E969-4694-BD76-8D9A8923A318} = {0AB3BF05-4346-4AA6-1389-037BE0695223}
		{7013F3B1-7E79-4B44-8DA2-6FB8620A0F9E} = {0AB3BF05-4346-4AA6-1389-037BE0695223}
		{80623DAE-3641-48C1-9BAD-068C489C8D6D} = {A8D56F72-D5EA-45FA-BB3C-12504297846A}
		{89413756-D493-4C18-A677-2BC0EB5ACA86} = {A8D56F72-D5EA-45FA-BB3C-12504297846A}
		{96CBD00B-C32E-486F-9D71-FDF485D2DF75} = {A8D56F72-D5EA-45FA-BB3C-12504297846A}
		{F3EF5A57-0769-4278-95E4-674C9C2B12B4} = {A8D56F72-D5EA-45FA-BB3C-12504297846A}
		{FD48210E-20D1-4015-99DD-8614E513B299} = {A8D56F72-D5EA-45FA-BB3C-12504297846A}
		{A07F6466-237D-42C1-ADDA-C3B7887D4B41} = {0AB3BF05-4346-4AA6-1389-037BE0695223}
	EndGlobalSection
EndGlobal
