
Microsoft Visual Studio Solution File, Format Version 12.00
# Visual Studio Version 17
VisualStudioVersion = 17.0.31903.59
MinimumVisualStudioVersion = 10.0.40219.1
Project("{FAE04EC0-301F-11D3-BF4B-00C04F79EFBC}") = "Web", "src\Web\Web.csproj", "{80623DAE-3641-48C1-9BAD-068C489C8D6D}"
EndProject
Project("{2150E333-8FDC-42A3-9474-1A3956D46DE8}") = "Solution Items", "Solution Items", "{58EFA839-38D2-4F53-9302-D9B0593F0EA1}"
	ProjectSection(SolutionItems) = preProject
		compose.yaml = compose.yaml
		.editorconfig = .editorconfig
		Directory.Build.props = Directory.Build.props
	EndProjectSection
EndProject
Project("{2150E333-8FDC-42A3-9474-1A3956D46DE8}") = "tests", "tests", "{0AB3BF05-4346-4AA6-1389-037BE0695223}"
EndProject
Project("{FAE04EC0-301F-11D3-BF4B-00C04F79EFBC}") = "PetFamily.Application.UnitTests", "tests\PetFamily.Application.UnitTests\PetFamily.Application.UnitTests.csproj", "{3378BF01-E969-4694-BD76-8D9A8923A318}"
EndProject
Project("{FAE04EC0-301F-11D3-BF4B-00C04F79EFBC}") = "PetFamily.Domain.UnitTests", "tests\PetFamily.Domain.UnitTests\PetFamily.Domain.UnitTests.csproj", "{7013F3B1-7E79-4B44-8DA2-6FB8620A0F9E}"
EndProject
Project("{2150E333-8FDC-42A3-9474-1A3956D46DE8}") = "src", "src", "{A8D56F72-D5EA-45FA-BB3C-12504297846A}"
EndProject
Project("{FAE04EC0-301F-11D3-BF4B-00C04F79EFBC}") = "PetFamily.Application.IntegrationTests", "tests\PetFamily.Application.IntegrationTests\PetFamily.Application.IntegrationTests.csproj", "{A07F6466-237D-42C1-ADDA-C3B7887D4B41}"
EndProject
Project("{FAE04EC0-301F-11D3-BF4B-00C04F79EFBC}") = "PetFamily.TestUtils", "tests\PetFamily.TestUtils\PetFamily.TestUtils.csproj", "{5EE976BE-B777-4C1A-9B34-54C4DA42A134}"
EndProject
Project("{2150E333-8FDC-42A3-9474-1A3956D46DE8}") = "Volunteers", "Volunteers", "{C07F3551-3A5D-4927-A3CE-A1139D4A3506}"
EndProject
Project("{FAE04EC0-301F-11D3-BF4B-00C04F79EFBC}") = "Volunteers.Domain", "src\Volunteers\Volunteers.Domain\Volunteers.Domain.csproj", "{0CA4DA16-79E6-4AE7-91E4-5A1D3BC6F111}"
EndProject
Project("{FAE04EC0-301F-11D3-BF4B-00C04F79EFBC}") = "Volunteers.Application", "src\Volunteers\Volunteers.Application\Volunteers.Application.csproj", "{BB2C6161-8117-43D0-ADDA-37D21CE9F1A7}"
EndProject
Project("{FAE04EC0-301F-11D3-BF4B-00C04F79EFBC}") = "Volunteers.Presenters", "src\Volunteers\Volunteers.Presenters\Volunteers.Presenters.csproj", "{1578F611-5B26-444B-B4E5-2463002BD7FC}"
EndProject
Project("{FAE04EC0-301F-11D3-BF4B-00C04F79EFBC}") = "Volunteers.Infrastructure.Postgres", "src\Volunteers\Volunteers.Infrastructure.Postgres\Volunteers.Infrastructure.Postgres.csproj", "{018D8B8D-28BB-4518-A11E-972F87059199}"
EndProject
Project("{2150E333-8FDC-42A3-9474-1A3956D46DE8}") = "Shared", "Shared", "{1E32BFD0-2CAB-4D48-875F-552CFD2E4282}"
EndProject
Project("{FAE04EC0-301F-11D3-BF4B-00C04F79EFBC}") = "Volunteers.Contracts", "src\Volunteers\Volunteers.Contracts\Volunteers.Contracts.csproj", "{1349AE4E-3EB6-43C7-AB82-C6E52356468E}"
EndProject
Project("{2150E333-8FDC-42A3-9474-1A3956D46DE8}") = "Infrastructure", "Infrastructure", "{92DB0A3A-D30D-42FF-96A6-E6387018E370}"
EndProject
Project("{2150E333-8FDC-42A3-9474-1A3956D46DE8}") = "Species", "Species", "{E61410AE-C4C4-434B-9495-EC5AA688E689}"
EndProject
Project("{FAE04EC0-301F-11D3-BF4B-00C04F79EFBC}") = "Species.Application", "src\Species\Species.Application\Species.Application.csproj", "{96564645-9E3F-4EF7-AA65-2D020DBE7FC1}"
EndProject
Project("{FAE04EC0-301F-11D3-BF4B-00C04F79EFBC}") = "Species.Contracts", "src\Species\Species.Contracts\Species.Contracts.csproj", "{174C8E64-DA1E-4815-AD98-3FB479F05D62}"
EndProject
Project("{FAE04EC0-301F-11D3-BF4B-00C04F79EFBC}") = "Species.Domain", "src\Species\Species.Domain\Species.Domain.csproj", "{16A2B002-7D37-453B-AFE7-407FF7D04C45}"
EndProject
Project("{FAE04EC0-301F-11D3-BF4B-00C04F79EFBC}") = "Species.Infrastructure.Postgres", "src\Species\Species.Infrastructure.Postgres\Species.Infrastructure.Postgres.csproj", "{D9E779C7-A9F9-4B03-A20E-8AA82A154C33}"
EndProject
Project("{FAE04EC0-301F-11D3-BF4B-00C04F79EFBC}") = "Species.Presenters", "src\Species\Species.Presenters\Species.Presenters.csproj", "{EB643018-143F-4802-95E5-381E2081DE65}"
EndProject
Project("{FAE04EC0-301F-11D3-BF4B-00C04F79EFBC}") = "PetFamily.Framework", "src\Shared\PetFamily.Framework\PetFamily.Framework.csproj", "{CE818E0E-F396-4331-A40C-B20B3DB4FE07}"
EndProject
Project("{FAE04EC0-301F-11D3-BF4B-00C04F79EFBC}") = "PetFamily.SharedKernel", "src\Shared\PetFamily.SharedKernel\PetFamily.SharedKernel.csproj", "{4A997B0F-9952-4226-B7EA-1129D356CB5B}"
EndProject
Project("{FAE04EC0-301F-11D3-BF4B-00C04F79EFBC}") = "Infrastructure.Postgres", "src\Shared\Infrastructure\Infrastructure.Postgres\Infrastructure.Postgres.csproj", "{25C5AA5E-A4B6-4E48-9F92-0193CE64BC4A}"
EndProject
Project("{FAE04EC0-301F-11D3-BF4B-00C04F79EFBC}") = "Infrastructure.S3", "src\Shared\Infrastructure\Infrastructure.S3\Infrastructure.S3.csproj", "{5AA9BC4E-66D3-4BFB-B47D-C855C812E2D3}"
EndProject
Project("{FAE04EC0-301F-11D3-BF4B-00C04F79EFBC}") = "PetFamily.Core", "src\Shared\PetFamily.Core\PetFamily.Core.csproj", "{E110EDF3-E097-4CF3-BA7A-73D7DE3F882F}"
EndProject
Project("{2150E333-8FDC-42A3-9474-1A3956D46DE8}") = "Accounts", "Accounts", "{1099E5CD-281E-4D13-B0C0-E2B44C0E801E}"
EndProject
Project("{FAE04EC0-301F-11D3-BF4B-00C04F79EFBC}") = "Accounts.Infrastructure", "src\Accounts\Accounts.Infrastructure\Accounts.Infrastructure.csproj", "{7F5974D0-D5A8-46B2-B75F-C56D436E0C79}"
EndProject
Project("{FAE04EC0-301F-11D3-BF4B-00C04F79EFBC}") = "Accounts.Presenters", "src\Accounts\Accounts.Presenters\Accounts.Presenters.csproj", "{B31E0627-E5CE-4C8F-A9C3-12C81511A096}"
EndProject
Project("{FAE04EC0-301F-11D3-BF4B-00C04F79EFBC}") = "Accounts.Domain", "src\Accounts\Accounts.Domain\Accounts.Domain.csproj", "{212A2B2C-B61D-4B2A-BF76-38A34BC4DAC8}"
EndProject
Project("{FAE04EC0-301F-11D3-BF4B-00C04F79EFBC}") = "Accounts.Application", "src\Accounts\Accounts.Application\Accounts.Application.csproj", "{BA560F2A-FCAD-4B72-81EF-E8446C18A908}"
EndProject
Project("{FAE04EC0-301F-11D3-BF4B-00C04F79EFBC}") = "Accounts.Contracts", "src\Accounts\Accounts.Contracts\Accounts.Contracts.csproj", "{89BBAB32-E142-405F-B55B-3A0E0C298B9C}"
EndProject
Global
	GlobalSection(SolutionConfigurationPlatforms) = preSolution
		Debug|Any CPU = Debug|Any CPU
		Debug|x64 = Debug|x64
		Debug|x86 = Debug|x86
		Release|Any CPU = Release|Any CPU
		Release|x64 = Release|x64
		Release|x86 = Release|x86
	EndGlobalSection
	GlobalSection(ProjectConfigurationPlatforms) = postSolution
		{80623DAE-3641-48C1-9BAD-068C489C8D6D}.Debug|Any CPU.ActiveCfg = Debug|Any CPU
		{80623DAE-3641-48C1-9BAD-068C489C8D6D}.Debug|Any CPU.Build.0 = Debug|Any CPU
		{80623DAE-3641-48C1-9BAD-068C489C8D6D}.Debug|x64.ActiveCfg = Debug|Any CPU
		{80623DAE-3641-48C1-9BAD-068C489C8D6D}.Debug|x64.Build.0 = Debug|Any CPU
		{80623DAE-3641-48C1-9BAD-068C489C8D6D}.Debug|x86.ActiveCfg = Debug|Any CPU
		{80623DAE-3641-48C1-9BAD-068C489C8D6D}.Debug|x86.Build.0 = Debug|Any CPU
		{80623DAE-3641-48C1-9BAD-068C489C8D6D}.Release|Any CPU.ActiveCfg = Release|Any CPU
		{80623DAE-3641-48C1-9BAD-068C489C8D6D}.Release|Any CPU.Build.0 = Release|Any CPU
		{80623DAE-3641-48C1-9BAD-068C489C8D6D}.Release|x64.ActiveCfg = Release|Any CPU
		{80623DAE-3641-48C1-9BAD-068C489C8D6D}.Release|x64.Build.0 = Release|Any CPU
		{80623DAE-3641-48C1-9BAD-068C489C8D6D}.Release|x86.ActiveCfg = Release|Any CPU
		{80623DAE-3641-48C1-9BAD-068C489C8D6D}.Release|x86.Build.0 = Release|Any CPU
		{3378BF01-E969-4694-BD76-8D9A8923A318}.Debug|Any CPU.ActiveCfg = Debug|Any CPU
		{3378BF01-E969-4694-BD76-8D9A8923A318}.Debug|Any CPU.Build.0 = Debug|Any CPU
		{3378BF01-E969-4694-BD76-8D9A8923A318}.Debug|x64.ActiveCfg = Debug|Any CPU
		{3378BF01-E969-4694-BD76-8D9A8923A318}.Debug|x64.Build.0 = Debug|Any CPU
		{3378BF01-E969-4694-BD76-8D9A8923A318}.Debug|x86.ActiveCfg = Debug|Any CPU
		{3378BF01-E969-4694-BD76-8D9A8923A318}.Debug|x86.Build.0 = Debug|Any CPU
		{3378BF01-E969-4694-BD76-8D9A8923A318}.Release|Any CPU.ActiveCfg = Release|Any CPU
		{3378BF01-E969-4694-BD76-8D9A8923A318}.Release|Any CPU.Build.0 = Release|Any CPU
		{3378BF01-E969-4694-BD76-8D9A8923A318}.Release|x64.ActiveCfg = Release|Any CPU
		{3378BF01-E969-4694-BD76-8D9A8923A318}.Release|x64.Build.0 = Release|Any CPU
		{3378BF01-E969-4694-BD76-8D9A8923A318}.Release|x86.ActiveCfg = Release|Any CPU
		{3378BF01-E969-4694-BD76-8D9A8923A318}.Release|x86.Build.0 = Release|Any CPU
		{7013F3B1-7E79-4B44-8DA2-6FB8620A0F9E}.Debug|Any CPU.ActiveCfg = Debug|Any CPU
		{7013F3B1-7E79-4B44-8DA2-6FB8620A0F9E}.Debug|Any CPU.Build.0 = Debug|Any CPU
		{7013F3B1-7E79-4B44-8DA2-6FB8620A0F9E}.Debug|x64.ActiveCfg = Debug|Any CPU
		{7013F3B1-7E79-4B44-8DA2-6FB8620A0F9E}.Debug|x64.Build.0 = Debug|Any CPU
		{7013F3B1-7E79-4B44-8DA2-6FB8620A0F9E}.Debug|x86.ActiveCfg = Debug|Any CPU
		{7013F3B1-7E79-4B44-8DA2-6FB8620A0F9E}.Debug|x86.Build.0 = Debug|Any CPU
		{7013F3B1-7E79-4B44-8DA2-6FB8620A0F9E}.Release|Any CPU.ActiveCfg = Release|Any CPU
		{7013F3B1-7E79-4B44-8DA2-6FB8620A0F9E}.Release|Any CPU.Build.0 = Release|Any CPU
		{7013F3B1-7E79-4B44-8DA2-6FB8620A0F9E}.Release|x64.ActiveCfg = Release|Any CPU
		{7013F3B1-7E79-4B44-8DA2-6FB8620A0F9E}.Release|x64.Build.0 = Release|Any CPU
		{7013F3B1-7E79-4B44-8DA2-6FB8620A0F9E}.Release|x86.ActiveCfg = Release|Any CPU
		{7013F3B1-7E79-4B44-8DA2-6FB8620A0F9E}.Release|x86.Build.0 = Release|Any CPU
		{A07F6466-237D-42C1-ADDA-C3B7887D4B41}.Debug|Any CPU.ActiveCfg = Debug|Any CPU
		{A07F6466-237D-42C1-ADDA-C3B7887D4B41}.Debug|Any CPU.Build.0 = Debug|Any CPU
		{A07F6466-237D-42C1-ADDA-C3B7887D4B41}.Debug|x64.ActiveCfg = Debug|Any CPU
		{A07F6466-237D-42C1-ADDA-C3B7887D4B41}.Debug|x64.Build.0 = Debug|Any CPU
		{A07F6466-237D-42C1-ADDA-C3B7887D4B41}.Debug|x86.ActiveCfg = Debug|Any CPU
		{A07F6466-237D-42C1-ADDA-C3B7887D4B41}.Debug|x86.Build.0 = Debug|Any CPU
		{A07F6466-237D-42C1-ADDA-C3B7887D4B41}.Release|Any CPU.ActiveCfg = Release|Any CPU
		{A07F6466-237D-42C1-ADDA-C3B7887D4B41}.Release|Any CPU.Build.0 = Release|Any CPU
		{A07F6466-237D-42C1-ADDA-C3B7887D4B41}.Release|x64.ActiveCfg = Release|Any CPU
		{A07F6466-237D-42C1-ADDA-C3B7887D4B41}.Release|x64.Build.0 = Release|Any CPU
		{A07F6466-237D-42C1-ADDA-C3B7887D4B41}.Release|x86.ActiveCfg = Release|Any CPU
		{A07F6466-237D-42C1-ADDA-C3B7887D4B41}.Release|x86.Build.0 = Release|Any CPU
		{5EE976BE-B777-4C1A-9B34-54C4DA42A134}.Debug|Any CPU.ActiveCfg = Debug|Any CPU
		{5EE976BE-B777-4C1A-9B34-54C4DA42A134}.Debug|Any CPU.Build.0 = Debug|Any CPU
		{5EE976BE-B777-4C1A-9B34-54C4DA42A134}.Debug|x64.ActiveCfg = Debug|Any CPU
		{5EE976BE-B777-4C1A-9B34-54C4DA42A134}.Debug|x64.Build.0 = Debug|Any CPU
		{5EE976BE-B777-4C1A-9B34-54C4DA42A134}.Debug|x86.ActiveCfg = Debug|Any CPU
		{5EE976BE-B777-4C1A-9B34-54C4DA42A134}.Debug|x86.Build.0 = Debug|Any CPU
		{5EE976BE-B777-4C1A-9B34-54C4DA42A134}.Release|Any CPU.ActiveCfg = Release|Any CPU
		{5EE976BE-B777-4C1A-9B34-54C4DA42A134}.Release|Any CPU.Build.0 = Release|Any CPU
		{5EE976BE-B777-4C1A-9B34-54C4DA42A134}.Release|x64.ActiveCfg = Release|Any CPU
		{5EE976BE-B777-4C1A-9B34-54C4DA42A134}.Release|x64.Build.0 = Release|Any CPU
		{5EE976BE-B777-4C1A-9B34-54C4DA42A134}.Release|x86.ActiveCfg = Release|Any CPU
		{5EE976BE-B777-4C1A-9B34-54C4DA42A134}.Release|x86.Build.0 = Release|Any CPU
		{0CA4DA16-79E6-4AE7-91E4-5A1D3BC6F111}.Debug|Any CPU.ActiveCfg = Debug|Any CPU
		{0CA4DA16-79E6-4AE7-91E4-5A1D3BC6F111}.Debug|Any CPU.Build.0 = Debug|Any CPU
		{0CA4DA16-79E6-4AE7-91E4-5A1D3BC6F111}.Debug|x64.ActiveCfg = Debug|Any CPU
		{0CA4DA16-79E6-4AE7-91E4-5A1D3BC6F111}.Debug|x64.Build.0 = Debug|Any CPU
		{0CA4DA16-79E6-4AE7-91E4-5A1D3BC6F111}.Debug|x86.ActiveCfg = Debug|Any CPU
		{0CA4DA16-79E6-4AE7-91E4-5A1D3BC6F111}.Debug|x86.Build.0 = Debug|Any CPU
		{0CA4DA16-79E6-4AE7-91E4-5A1D3BC6F111}.Release|Any CPU.ActiveCfg = Release|Any CPU
		{0CA4DA16-79E6-4AE7-91E4-5A1D3BC6F111}.Release|Any CPU.Build.0 = Release|Any CPU
		{0CA4DA16-79E6-4AE7-91E4-5A1D3BC6F111}.Release|x64.ActiveCfg = Release|Any CPU
		{0CA4DA16-79E6-4AE7-91E4-5A1D3BC6F111}.Release|x64.Build.0 = Release|Any CPU
		{0CA4DA16-79E6-4AE7-91E4-5A1D3BC6F111}.Release|x86.ActiveCfg = Release|Any CPU
		{0CA4DA16-79E6-4AE7-91E4-5A1D3BC6F111}.Release|x86.Build.0 = Release|Any CPU
		{BB2C6161-8117-43D0-ADDA-37D21CE9F1A7}.Debug|Any CPU.ActiveCfg = Debug|Any CPU
		{BB2C6161-8117-43D0-ADDA-37D21CE9F1A7}.Debug|Any CPU.Build.0 = Debug|Any CPU
		{BB2C6161-8117-43D0-ADDA-37D21CE9F1A7}.Debug|x64.ActiveCfg = Debug|Any CPU
		{BB2C6161-8117-43D0-ADDA-37D21CE9F1A7}.Debug|x64.Build.0 = Debug|Any CPU
		{BB2C6161-8117-43D0-ADDA-37D21CE9F1A7}.Debug|x86.ActiveCfg = Debug|Any CPU
		{BB2C6161-8117-43D0-ADDA-37D21CE9F1A7}.Debug|x86.Build.0 = Debug|Any CPU
		{BB2C6161-8117-43D0-ADDA-37D21CE9F1A7}.Release|Any CPU.ActiveCfg = Release|Any CPU
		{BB2C6161-8117-43D0-ADDA-37D21CE9F1A7}.Release|Any CPU.Build.0 = Release|Any CPU
		{BB2C6161-8117-43D0-ADDA-37D21CE9F1A7}.Release|x64.ActiveCfg = Release|Any CPU
		{BB2C6161-8117-43D0-ADDA-37D21CE9F1A7}.Release|x64.Build.0 = Release|Any CPU
		{BB2C6161-8117-43D0-ADDA-37D21CE9F1A7}.Release|x86.ActiveCfg = Release|Any CPU
		{BB2C6161-8117-43D0-ADDA-37D21CE9F1A7}.Release|x86.Build.0 = Release|Any CPU
		{1578F611-5B26-444B-B4E5-2463002BD7FC}.Debug|Any CPU.ActiveCfg = Debug|Any CPU
		{1578F611-5B26-444B-B4E5-2463002BD7FC}.Debug|Any CPU.Build.0 = Debug|Any CPU
		{1578F611-5B26-444B-B4E5-2463002BD7FC}.Debug|x64.ActiveCfg = Debug|Any CPU
		{1578F611-5B26-444B-B4E5-2463002BD7FC}.Debug|x64.Build.0 = Debug|Any CPU
		{1578F611-5B26-444B-B4E5-2463002BD7FC}.Debug|x86.ActiveCfg = Debug|Any CPU
		{1578F611-5B26-444B-B4E5-2463002BD7FC}.Debug|x86.Build.0 = Debug|Any CPU
		{1578F611-5B26-444B-B4E5-2463002BD7FC}.Release|Any CPU.ActiveCfg = Release|Any CPU
		{1578F611-5B26-444B-B4E5-2463002BD7FC}.Release|Any CPU.Build.0 = Release|Any CPU
		{1578F611-5B26-444B-B4E5-2463002BD7FC}.Release|x64.ActiveCfg = Release|Any CPU
		{1578F611-5B26-444B-B4E5-2463002BD7FC}.Release|x64.Build.0 = Release|Any CPU
		{1578F611-5B26-444B-B4E5-2463002BD7FC}.Release|x86.ActiveCfg = Release|Any CPU
		{1578F611-5B26-444B-B4E5-2463002BD7FC}.Release|x86.Build.0 = Release|Any CPU
		{018D8B8D-28BB-4518-A11E-972F87059199}.Debug|Any CPU.ActiveCfg = Debug|Any CPU
		{018D8B8D-28BB-4518-A11E-972F87059199}.Debug|Any CPU.Build.0 = Debug|Any CPU
		{018D8B8D-28BB-4518-A11E-972F87059199}.Debug|x64.ActiveCfg = Debug|Any CPU
		{018D8B8D-28BB-4518-A11E-972F87059199}.Debug|x64.Build.0 = Debug|Any CPU
		{018D8B8D-28BB-4518-A11E-972F87059199}.Debug|x86.ActiveCfg = Debug|Any CPU
		{018D8B8D-28BB-4518-A11E-972F87059199}.Debug|x86.Build.0 = Debug|Any CPU
		{018D8B8D-28BB-4518-A11E-972F87059199}.Release|Any CPU.ActiveCfg = Release|Any CPU
		{018D8B8D-28BB-4518-A11E-972F87059199}.Release|Any CPU.Build.0 = Release|Any CPU
		{018D8B8D-28BB-4518-A11E-972F87059199}.Release|x64.ActiveCfg = Release|Any CPU
		{018D8B8D-28BB-4518-A11E-972F87059199}.Release|x64.Build.0 = Release|Any CPU
		{018D8B8D-28BB-4518-A11E-972F87059199}.Release|x86.ActiveCfg = Release|Any CPU
		{018D8B8D-28BB-4518-A11E-972F87059199}.Release|x86.Build.0 = Release|Any CPU
		{1349AE4E-3EB6-43C7-AB82-C6E52356468E}.Debug|Any CPU.ActiveCfg = Debug|Any CPU
		{1349AE4E-3EB6-43C7-AB82-C6E52356468E}.Debug|Any CPU.Build.0 = Debug|Any CPU
		{1349AE4E-3EB6-43C7-AB82-C6E52356468E}.Debug|x64.ActiveCfg = Debug|Any CPU
		{1349AE4E-3EB6-43C7-AB82-C6E52356468E}.Debug|x64.Build.0 = Debug|Any CPU
		{1349AE4E-3EB6-43C7-AB82-C6E52356468E}.Debug|x86.ActiveCfg = Debug|Any CPU
		{1349AE4E-3EB6-43C7-AB82-C6E52356468E}.Debug|x86.Build.0 = Debug|Any CPU
		{1349AE4E-3EB6-43C7-AB82-C6E52356468E}.Release|Any CPU.ActiveCfg = Release|Any CPU
		{1349AE4E-3EB6-43C7-AB82-C6E52356468E}.Release|Any CPU.Build.0 = Release|Any CPU
		{1349AE4E-3EB6-43C7-AB82-C6E52356468E}.Release|x64.ActiveCfg = Release|Any CPU
		{1349AE4E-3EB6-43C7-AB82-C6E52356468E}.Release|x64.Build.0 = Release|Any CPU
		{1349AE4E-3EB6-43C7-AB82-C6E52356468E}.Release|x86.ActiveCfg = Release|Any CPU
		{1349AE4E-3EB6-43C7-AB82-C6E52356468E}.Release|x86.Build.0 = Release|Any CPU
		{96564645-9E3F-4EF7-AA65-2D020DBE7FC1}.Debug|Any CPU.ActiveCfg = Debug|Any CPU
		{96564645-9E3F-4EF7-AA65-2D020DBE7FC1}.Debug|Any CPU.Build.0 = Debug|Any CPU
		{96564645-9E3F-4EF7-AA65-2D020DBE7FC1}.Debug|x64.ActiveCfg = Debug|Any CPU
		{96564645-9E3F-4EF7-AA65-2D020DBE7FC1}.Debug|x64.Build.0 = Debug|Any CPU
		{96564645-9E3F-4EF7-AA65-2D020DBE7FC1}.Debug|x86.ActiveCfg = Debug|Any CPU
		{96564645-9E3F-4EF7-AA65-2D020DBE7FC1}.Debug|x86.Build.0 = Debug|Any CPU
		{96564645-9E3F-4EF7-AA65-2D020DBE7FC1}.Release|Any CPU.ActiveCfg = Release|Any CPU
		{96564645-9E3F-4EF7-AA65-2D020DBE7FC1}.Release|Any CPU.Build.0 = Release|Any CPU
		{96564645-9E3F-4EF7-AA65-2D020DBE7FC1}.Release|x64.ActiveCfg = Release|Any CPU
		{96564645-9E3F-4EF7-AA65-2D020DBE7FC1}.Release|x64.Build.0 = Release|Any CPU
		{96564645-9E3F-4EF7-AA65-2D020DBE7FC1}.Release|x86.ActiveCfg = Release|Any CPU
		{96564645-9E3F-4EF7-AA65-2D020DBE7FC1}.Release|x86.Build.0 = Release|Any CPU
		{174C8E64-DA1E-4815-AD98-3FB479F05D62}.Debug|Any CPU.ActiveCfg = Debug|Any CPU
		{174C8E64-DA1E-4815-AD98-3FB479F05D62}.Debug|Any CPU.Build.0 = Debug|Any CPU
		{174C8E64-DA1E-4815-AD98-3FB479F05D62}.Debug|x64.ActiveCfg = Debug|Any CPU
		{174C8E64-DA1E-4815-AD98-3FB479F05D62}.Debug|x64.Build.0 = Debug|Any CPU
		{174C8E64-DA1E-4815-AD98-3FB479F05D62}.Debug|x86.ActiveCfg = Debug|Any CPU
		{174C8E64-DA1E-4815-AD98-3FB479F05D62}.Debug|x86.Build.0 = Debug|Any CPU
		{174C8E64-DA1E-4815-AD98-3FB479F05D62}.Release|Any CPU.ActiveCfg = Release|Any CPU
		{174C8E64-DA1E-4815-AD98-3FB479F05D62}.Release|Any CPU.Build.0 = Release|Any CPU
		{174C8E64-DA1E-4815-AD98-3FB479F05D62}.Release|x64.ActiveCfg = Release|Any CPU
		{174C8E64-DA1E-4815-AD98-3FB479F05D62}.Release|x64.Build.0 = Release|Any CPU
		{174C8E64-DA1E-4815-AD98-3FB479F05D62}.Release|x86.ActiveCfg = Release|Any CPU
		{174C8E64-DA1E-4815-AD98-3FB479F05D62}.Release|x86.Build.0 = Release|Any CPU
		{16A2B002-7D37-453B-AFE7-407FF7D04C45}.Debug|Any CPU.ActiveCfg = Debug|Any CPU
		{16A2B002-7D37-453B-AFE7-407FF7D04C45}.Debug|Any CPU.Build.0 = Debug|Any CPU
		{16A2B002-7D37-453B-AFE7-407FF7D04C45}.Debug|x64.ActiveCfg = Debug|Any CPU
		{16A2B002-7D37-453B-AFE7-407FF7D04C45}.Debug|x64.Build.0 = Debug|Any CPU
		{16A2B002-7D37-453B-AFE7-407FF7D04C45}.Debug|x86.ActiveCfg = Debug|Any CPU
		{16A2B002-7D37-453B-AFE7-407FF7D04C45}.Debug|x86.Build.0 = Debug|Any CPU
		{16A2B002-7D37-453B-AFE7-407FF7D04C45}.Release|Any CPU.ActiveCfg = Release|Any CPU
		{16A2B002-7D37-453B-AFE7-407FF7D04C45}.Release|Any CPU.Build.0 = Release|Any CPU
		{16A2B002-7D37-453B-AFE7-407FF7D04C45}.Release|x64.ActiveCfg = Release|Any CPU
		{16A2B002-7D37-453B-AFE7-407FF7D04C45}.Release|x64.Build.0 = Release|Any CPU
		{16A2B002-7D37-453B-AFE7-407FF7D04C45}.Release|x86.ActiveCfg = Release|Any CPU
		{16A2B002-7D37-453B-AFE7-407FF7D04C45}.Release|x86.Build.0 = Release|Any CPU
		{D9E779C7-A9F9-4B03-A20E-8AA82A154C33}.Debug|Any CPU.ActiveCfg = Debug|Any CPU
		{D9E779C7-A9F9-4B03-A20E-8AA82A154C33}.Debug|Any CPU.Build.0 = Debug|Any CPU
		{D9E779C7-A9F9-4B03-A20E-8AA82A154C33}.Debug|x64.ActiveCfg = Debug|Any CPU
		{D9E779C7-A9F9-4B03-A20E-8AA82A154C33}.Debug|x64.Build.0 = Debug|Any CPU
		{D9E779C7-A9F9-4B03-A20E-8AA82A154C33}.Debug|x86.ActiveCfg = Debug|Any CPU
		{D9E779C7-A9F9-4B03-A20E-8AA82A154C33}.Debug|x86.Build.0 = Debug|Any CPU
		{D9E779C7-A9F9-4B03-A20E-8AA82A154C33}.Release|Any CPU.ActiveCfg = Release|Any CPU
		{D9E779C7-A9F9-4B03-A20E-8AA82A154C33}.Release|Any CPU.Build.0 = Release|Any CPU
		{D9E779C7-A9F9-4B03-A20E-8AA82A154C33}.Release|x64.ActiveCfg = Release|Any CPU
		{D9E779C7-A9F9-4B03-A20E-8AA82A154C33}.Release|x64.Build.0 = Release|Any CPU
		{D9E779C7-A9F9-4B03-A20E-8AA82A154C33}.Release|x86.ActiveCfg = Release|Any CPU
		{D9E779C7-A9F9-4B03-A20E-8AA82A154C33}.Release|x86.Build.0 = Release|Any CPU
		{EB643018-143F-4802-95E5-381E2081DE65}.Debug|Any CPU.ActiveCfg = Debug|Any CPU
		{EB643018-143F-4802-95E5-381E2081DE65}.Debug|Any CPU.Build.0 = Debug|Any CPU
		{EB643018-143F-4802-95E5-381E2081DE65}.Debug|x64.ActiveCfg = Debug|Any CPU
		{EB643018-143F-4802-95E5-381E2081DE65}.Debug|x64.Build.0 = Debug|Any CPU
		{EB643018-143F-4802-95E5-381E2081DE65}.Debug|x86.ActiveCfg = Debug|Any CPU
		{EB643018-143F-4802-95E5-381E2081DE65}.Debug|x86.Build.0 = Debug|Any CPU
		{EB643018-143F-4802-95E5-381E2081DE65}.Release|Any CPU.ActiveCfg = Release|Any CPU
		{EB643018-143F-4802-95E5-381E2081DE65}.Release|Any CPU.Build.0 = Release|Any CPU
		{EB643018-143F-4802-95E5-381E2081DE65}.Release|x64.ActiveCfg = Release|Any CPU
		{EB643018-143F-4802-95E5-381E2081DE65}.Release|x64.Build.0 = Release|Any CPU
		{EB643018-143F-4802-95E5-381E2081DE65}.Release|x86.ActiveCfg = Release|Any CPU
		{EB643018-143F-4802-95E5-381E2081DE65}.Release|x86.Build.0 = Release|Any CPU
		{CE818E0E-F396-4331-A40C-B20B3DB4FE07}.Debug|Any CPU.ActiveCfg = Debug|Any CPU
		{CE818E0E-F396-4331-A40C-B20B3DB4FE07}.Debug|Any CPU.Build.0 = Debug|Any CPU
		{CE818E0E-F396-4331-A40C-B20B3DB4FE07}.Debug|x64.ActiveCfg = Debug|Any CPU
		{CE818E0E-F396-4331-A40C-B20B3DB4FE07}.Debug|x64.Build.0 = Debug|Any CPU
		{CE818E0E-F396-4331-A40C-B20B3DB4FE07}.Debug|x86.ActiveCfg = Debug|Any CPU
		{CE818E0E-F396-4331-A40C-B20B3DB4FE07}.Debug|x86.Build.0 = Debug|Any CPU
		{CE818E0E-F396-4331-A40C-B20B3DB4FE07}.Release|Any CPU.ActiveCfg = Release|Any CPU
		{CE818E0E-F396-4331-A40C-B20B3DB4FE07}.Release|Any CPU.Build.0 = Release|Any CPU
		{CE818E0E-F396-4331-A40C-B20B3DB4FE07}.Release|x64.ActiveCfg = Release|Any CPU
		{CE818E0E-F396-4331-A40C-B20B3DB4FE07}.Release|x64.Build.0 = Release|Any CPU
		{CE818E0E-F396-4331-A40C-B20B3DB4FE07}.Release|x86.ActiveCfg = Release|Any CPU
		{CE818E0E-F396-4331-A40C-B20B3DB4FE07}.Release|x86.Build.0 = Release|Any CPU
		{4A997B0F-9952-4226-B7EA-1129D356CB5B}.Debug|Any CPU.ActiveCfg = Debug|Any CPU
		{4A997B0F-9952-4226-B7EA-1129D356CB5B}.Debug|Any CPU.Build.0 = Debug|Any CPU
		{4A997B0F-9952-4226-B7EA-1129D356CB5B}.Debug|x64.ActiveCfg = Debug|Any CPU
		{4A997B0F-9952-4226-B7EA-1129D356CB5B}.Debug|x64.Build.0 = Debug|Any CPU
		{4A997B0F-9952-4226-B7EA-1129D356CB5B}.Debug|x86.ActiveCfg = Debug|Any CPU
		{4A997B0F-9952-4226-B7EA-1129D356CB5B}.Debug|x86.Build.0 = Debug|Any CPU
		{4A997B0F-9952-4226-B7EA-1129D356CB5B}.Release|Any CPU.ActiveCfg = Release|Any CPU
		{4A997B0F-9952-4226-B7EA-1129D356CB5B}.Release|Any CPU.Build.0 = Release|Any CPU
		{4A997B0F-9952-4226-B7EA-1129D356CB5B}.Release|x64.ActiveCfg = Release|Any CPU
		{4A997B0F-9952-4226-B7EA-1129D356CB5B}.Release|x64.Build.0 = Release|Any CPU
		{4A997B0F-9952-4226-B7EA-1129D356CB5B}.Release|x86.ActiveCfg = Release|Any CPU
		{4A997B0F-9952-4226-B7EA-1129D356CB5B}.Release|x86.Build.0 = Release|Any CPU
		{25C5AA5E-A4B6-4E48-9F92-0193CE64BC4A}.Debug|Any CPU.ActiveCfg = Debug|Any CPU
		{25C5AA5E-A4B6-4E48-9F92-0193CE64BC4A}.Debug|Any CPU.Build.0 = Debug|Any CPU
		{25C5AA5E-A4B6-4E48-9F92-0193CE64BC4A}.Debug|x64.ActiveCfg = Debug|Any CPU
		{25C5AA5E-A4B6-4E48-9F92-0193CE64BC4A}.Debug|x64.Build.0 = Debug|Any CPU
		{25C5AA5E-A4B6-4E48-9F92-0193CE64BC4A}.Debug|x86.ActiveCfg = Debug|Any CPU
		{25C5AA5E-A4B6-4E48-9F92-0193CE64BC4A}.Debug|x86.Build.0 = Debug|Any CPU
		{25C5AA5E-A4B6-4E48-9F92-0193CE64BC4A}.Release|Any CPU.ActiveCfg = Release|Any CPU
		{25C5AA5E-A4B6-4E48-9F92-0193CE64BC4A}.Release|Any CPU.Build.0 = Release|Any CPU
		{25C5AA5E-A4B6-4E48-9F92-0193CE64BC4A}.Release|x64.ActiveCfg = Release|Any CPU
		{25C5AA5E-A4B6-4E48-9F92-0193CE64BC4A}.Release|x64.Build.0 = Release|Any CPU
		{25C5AA5E-A4B6-4E48-9F92-0193CE64BC4A}.Release|x86.ActiveCfg = Release|Any CPU
		{25C5AA5E-A4B6-4E48-9F92-0193CE64BC4A}.Release|x86.Build.0 = Release|Any CPU
		{5AA9BC4E-66D3-4BFB-B47D-C855C812E2D3}.Debug|Any CPU.ActiveCfg = Debug|Any CPU
		{5AA9BC4E-66D3-4BFB-B47D-C855C812E2D3}.Debug|Any CPU.Build.0 = Debug|Any CPU
		{5AA9BC4E-66D3-4BFB-B47D-C855C812E2D3}.Debug|x64.ActiveCfg = Debug|Any CPU
		{5AA9BC4E-66D3-4BFB-B47D-C855C812E2D3}.Debug|x64.Build.0 = Debug|Any CPU
		{5AA9BC4E-66D3-4BFB-B47D-C855C812E2D3}.Debug|x86.ActiveCfg = Debug|Any CPU
		{5AA9BC4E-66D3-4BFB-B47D-C855C812E2D3}.Debug|x86.Build.0 = Debug|Any CPU
		{5AA9BC4E-66D3-4BFB-B47D-C855C812E2D3}.Release|Any CPU.ActiveCfg = Release|Any CPU
		{5AA9BC4E-66D3-4BFB-B47D-C855C812E2D3}.Release|Any CPU.Build.0 = Release|Any CPU
		{5AA9BC4E-66D3-4BFB-B47D-C855C812E2D3}.Release|x64.ActiveCfg = Release|Any CPU
		{5AA9BC4E-66D3-4BFB-B47D-C855C812E2D3}.Release|x64.Build.0 = Release|Any CPU
		{5AA9BC4E-66D3-4BFB-B47D-C855C812E2D3}.Release|x86.ActiveCfg = Release|Any CPU
		{5AA9BC4E-66D3-4BFB-B47D-C855C812E2D3}.Release|x86.Build.0 = Release|Any CPU
		{E110EDF3-E097-4CF3-BA7A-73D7DE3F882F}.Debug|Any CPU.ActiveCfg = Debug|Any CPU
		{E110EDF3-E097-4CF3-BA7A-73D7DE3F882F}.Debug|Any CPU.Build.0 = Debug|Any CPU
		{E110EDF3-E097-4CF3-BA7A-73D7DE3F882F}.Debug|x64.ActiveCfg = Debug|Any CPU
		{E110EDF3-E097-4CF3-BA7A-73D7DE3F882F}.Debug|x64.Build.0 = Debug|Any CPU
		{E110EDF3-E097-4CF3-BA7A-73D7DE3F882F}.Debug|x86.ActiveCfg = Debug|Any CPU
		{E110EDF3-E097-4CF3-BA7A-73D7DE3F882F}.Debug|x86.Build.0 = Debug|Any CPU
		{E110EDF3-E097-4CF3-BA7A-73D7DE3F882F}.Release|Any CPU.ActiveCfg = Release|Any CPU
		{E110EDF3-E097-4CF3-BA7A-73D7DE3F882F}.Release|Any CPU.Build.0 = Release|Any CPU
		{E110EDF3-E097-4CF3-BA7A-73D7DE3F882F}.Release|x64.ActiveCfg = Release|Any CPU
		{E110EDF3-E097-4CF3-BA7A-73D7DE3F882F}.Release|x64.Build.0 = Release|Any CPU
		{E110EDF3-E097-4CF3-BA7A-73D7DE3F882F}.Release|x86.ActiveCfg = Release|Any CPU
		{E110EDF3-E097-4CF3-BA7A-73D7DE3F882F}.Release|x86.Build.0 = Release|Any CPU
		{7F5974D0-D5A8-46B2-B75F-C56D436E0C79}.Debug|Any CPU.ActiveCfg = Debug|Any CPU
		{7F5974D0-D5A8-46B2-B75F-C56D436E0C79}.Debug|Any CPU.Build.0 = Debug|Any CPU
		{7F5974D0-D5A8-46B2-B75F-C56D436E0C79}.Debug|x64.ActiveCfg = Debug|Any CPU
		{7F5974D0-D5A8-46B2-B75F-C56D436E0C79}.Debug|x64.Build.0 = Debug|Any CPU
		{7F5974D0-D5A8-46B2-B75F-C56D436E0C79}.Debug|x86.ActiveCfg = Debug|Any CPU
		{7F5974D0-D5A8-46B2-B75F-C56D436E0C79}.Debug|x86.Build.0 = Debug|Any CPU
		{7F5974D0-D5A8-46B2-B75F-C56D436E0C79}.Release|Any CPU.ActiveCfg = Release|Any CPU
		{7F5974D0-D5A8-46B2-B75F-C56D436E0C79}.Release|Any CPU.Build.0 = Release|Any CPU
		{7F5974D0-D5A8-46B2-B75F-C56D436E0C79}.Release|x64.ActiveCfg = Release|Any CPU
		{7F5974D0-D5A8-46B2-B75F-C56D436E0C79}.Release|x64.Build.0 = Release|Any CPU
		{7F5974D0-D5A8-46B2-B75F-C56D436E0C79}.Release|x86.ActiveCfg = Release|Any CPU
		{7F5974D0-D5A8-46B2-B75F-C56D436E0C79}.Release|x86.Build.0 = Release|Any CPU
		{B31E0627-E5CE-4C8F-A9C3-12C81511A096}.Debug|Any CPU.ActiveCfg = Debug|Any CPU
		{B31E0627-E5CE-4C8F-A9C3-12C81511A096}.Debug|Any CPU.Build.0 = Debug|Any CPU
		{B31E0627-E5CE-4C8F-A9C3-12C81511A096}.Debug|x64.ActiveCfg = Debug|Any CPU
		{B31E0627-E5CE-4C8F-A9C3-12C81511A096}.Debug|x64.Build.0 = Debug|Any CPU
		{B31E0627-E5CE-4C8F-A9C3-12C81511A096}.Debug|x86.ActiveCfg = Debug|Any CPU
		{B31E0627-E5CE-4C8F-A9C3-12C81511A096}.Debug|x86.Build.0 = Debug|Any CPU
		{B31E0627-E5CE-4C8F-A9C3-12C81511A096}.Release|Any CPU.ActiveCfg = Release|Any CPU
		{B31E0627-E5CE-4C8F-A9C3-12C81511A096}.Release|Any CPU.Build.0 = Release|Any CPU
		{B31E0627-E5CE-4C8F-A9C3-12C81511A096}.Release|x64.ActiveCfg = Release|Any CPU
		{B31E0627-E5CE-4C8F-A9C3-12C81511A096}.Release|x64.Build.0 = Release|Any CPU
		{B31E0627-E5CE-4C8F-A9C3-12C81511A096}.Release|x86.ActiveCfg = Release|Any CPU
		{B31E0627-E5CE-4C8F-A9C3-12C81511A096}.Release|x86.Build.0 = Release|Any CPU
		{212A2B2C-B61D-4B2A-BF76-38A34BC4DAC8}.Debug|Any CPU.ActiveCfg = Debug|Any CPU
		{212A2B2C-B61D-4B2A-BF76-38A34BC4DAC8}.Debug|Any CPU.Build.0 = Debug|Any CPU
		{212A2B2C-B61D-4B2A-BF76-38A34BC4DAC8}.Debug|x64.ActiveCfg = Debug|Any CPU
		{212A2B2C-B61D-4B2A-BF76-38A34BC4DAC8}.Debug|x64.Build.0 = Debug|Any CPU
		{212A2B2C-B61D-4B2A-BF76-38A34BC4DAC8}.Debug|x86.ActiveCfg = Debug|Any CPU
		{212A2B2C-B61D-4B2A-BF76-38A34BC4DAC8}.Debug|x86.Build.0 = Debug|Any CPU
		{212A2B2C-B61D-4B2A-BF76-38A34BC4DAC8}.Release|Any CPU.ActiveCfg = Release|Any CPU
		{212A2B2C-B61D-4B2A-BF76-38A34BC4DAC8}.Release|Any CPU.Build.0 = Release|Any CPU
		{212A2B2C-B61D-4B2A-BF76-38A34BC4DAC8}.Release|x64.ActiveCfg = Release|Any CPU
		{212A2B2C-B61D-4B2A-BF76-38A34BC4DAC8}.Release|x64.Build.0 = Release|Any CPU
		{212A2B2C-B61D-4B2A-BF76-38A34BC4DAC8}.Release|x86.ActiveCfg = Release|Any CPU
		{212A2B2C-B61D-4B2A-BF76-38A34BC4DAC8}.Release|x86.Build.0 = Release|Any CPU
		{BA560F2A-FCAD-4B72-81EF-E8446C18A908}.Debug|Any CPU.ActiveCfg = Debug|Any CPU
		{BA560F2A-FCAD-4B72-81EF-E8446C18A908}.Debug|Any CPU.Build.0 = Debug|Any CPU
		{BA560F2A-FCAD-4B72-81EF-E8446C18A908}.Debug|x64.ActiveCfg = Debug|Any CPU
		{BA560F2A-FCAD-4B72-81EF-E8446C18A908}.Debug|x64.Build.0 = Debug|Any CPU
		{BA560F2A-FCAD-4B72-81EF-E8446C18A908}.Debug|x86.ActiveCfg = Debug|Any CPU
		{BA560F2A-FCAD-4B72-81EF-E8446C18A908}.Debug|x86.Build.0 = Debug|Any CPU
		{BA560F2A-FCAD-4B72-81EF-E8446C18A908}.Release|Any CPU.ActiveCfg = Release|Any CPU
		{BA560F2A-FCAD-4B72-81EF-E8446C18A908}.Release|Any CPU.Build.0 = Release|Any CPU
		{BA560F2A-FCAD-4B72-81EF-E8446C18A908}.Release|x64.ActiveCfg = Release|Any CPU
		{BA560F2A-FCAD-4B72-81EF-E8446C18A908}.Release|x64.Build.0 = Release|Any CPU
		{BA560F2A-FCAD-4B72-81EF-E8446C18A908}.Release|x86.ActiveCfg = Release|Any CPU
		{BA560F2A-FCAD-4B72-81EF-E8446C18A908}.Release|x86.Build.0 = Release|Any CPU
		{89BBAB32-E142-405F-B55B-3A0E0C298B9C}.Debug|Any CPU.ActiveCfg = Debug|Any CPU
		{89BBAB32-E142-405F-B55B-3A0E0C298B9C}.Debug|Any CPU.Build.0 = Debug|Any CPU
		{89BBAB32-E142-405F-B55B-3A0E0C298B9C}.Debug|x64.ActiveCfg = Debug|Any CPU
		{89BBAB32-E142-405F-B55B-3A0E0C298B9C}.Debug|x64.Build.0 = Debug|Any CPU
		{89BBAB32-E142-405F-B55B-3A0E0C298B9C}.Debug|x86.ActiveCfg = Debug|Any CPU
		{89BBAB32-E142-405F-B55B-3A0E0C298B9C}.Debug|x86.Build.0 = Debug|Any CPU
		{89BBAB32-E142-405F-B55B-3A0E0C298B9C}.Release|Any CPU.ActiveCfg = Release|Any CPU
		{89BBAB32-E142-405F-B55B-3A0E0C298B9C}.Release|Any CPU.Build.0 = Release|Any CPU
		{89BBAB32-E142-405F-B55B-3A0E0C298B9C}.Release|x64.ActiveCfg = Release|Any CPU
		{89BBAB32-E142-405F-B55B-3A0E0C298B9C}.Release|x64.Build.0 = Release|Any CPU
		{89BBAB32-E142-405F-B55B-3A0E0C298B9C}.Release|x86.ActiveCfg = Release|Any CPU
		{89BBAB32-E142-405F-B55B-3A0E0C298B9C}.Release|x86.Build.0 = Release|Any CPU
	EndGlobalSection
	GlobalSection(SolutionProperties) = preSolution
		HideSolutionNode = FALSE
	EndGlobalSection
	GlobalSection(NestedProjects) = preSolution
		{3378BF01-E969-4694-BD76-8D9A8923A318} = {0AB3BF05-4346-4AA6-1389-037BE0695223}
		{7013F3B1-7E79-4B44-8DA2-6FB8620A0F9E} = {0AB3BF05-4346-4AA6-1389-037BE0695223}
		{80623DAE-3641-48C1-9BAD-068C489C8D6D} = {A8D56F72-D5EA-45FA-BB3C-12504297846A}
		{A07F6466-237D-42C1-ADDA-C3B7887D4B41} = {0AB3BF05-4346-4AA6-1389-037BE0695223}
		{5EE976BE-B777-4C1A-9B34-54C4DA42A134} = {0AB3BF05-4346-4AA6-1389-037BE0695223}
		{C07F3551-3A5D-4927-A3CE-A1139D4A3506} = {A8D56F72-D5EA-45FA-BB3C-12504297846A}
		{0CA4DA16-79E6-4AE7-91E4-5A1D3BC6F111} = {C07F3551-3A5D-4927-A3CE-A1139D4A3506}
		{BB2C6161-8117-43D0-ADDA-37D21CE9F1A7} = {C07F3551-3A5D-4927-A3CE-A1139D4A3506}
		{1578F611-5B26-444B-B4E5-2463002BD7FC} = {C07F3551-3A5D-4927-A3CE-A1139D4A3506}
		{018D8B8D-28BB-4518-A11E-972F87059199} = {C07F3551-3A5D-4927-A3CE-A1139D4A3506}
		{1E32BFD0-2CAB-4D48-875F-552CFD2E4282} = {A8D56F72-D5EA-45FA-BB3C-12504297846A}
		{1349AE4E-3EB6-43C7-AB82-C6E52356468E} = {C07F3551-3A5D-4927-A3CE-A1139D4A3506}
		{92DB0A3A-D30D-42FF-96A6-E6387018E370} = {1E32BFD0-2CAB-4D48-875F-552CFD2E4282}
		{E61410AE-C4C4-434B-9495-EC5AA688E689} = {A8D56F72-D5EA-45FA-BB3C-12504297846A}
		{96564645-9E3F-4EF7-AA65-2D020DBE7FC1} = {E61410AE-C4C4-434B-9495-EC5AA688E689}
		{174C8E64-DA1E-4815-AD98-3FB479F05D62} = {E61410AE-C4C4-434B-9495-EC5AA688E689}
		{16A2B002-7D37-453B-AFE7-407FF7D04C45} = {E61410AE-C4C4-434B-9495-EC5AA688E689}
		{D9E779C7-A9F9-4B03-A20E-8AA82A154C33} = {E61410AE-C4C4-434B-9495-EC5AA688E689}
		{EB643018-143F-4802-95E5-381E2081DE65} = {E61410AE-C4C4-434B-9495-EC5AA688E689}
		{CE818E0E-F396-4331-A40C-B20B3DB4FE07} = {1E32BFD0-2CAB-4D48-875F-552CFD2E4282}
		{4A997B0F-9952-4226-B7EA-1129D356CB5B} = {1E32BFD0-2CAB-4D48-875F-552CFD2E4282}
		{25C5AA5E-A4B6-4E48-9F92-0193CE64BC4A} = {92DB0A3A-D30D-42FF-96A6-E6387018E370}
		{5AA9BC4E-66D3-4BFB-B47D-C855C812E2D3} = {92DB0A3A-D30D-42FF-96A6-E6387018E370}
		{E110EDF3-E097-4CF3-BA7A-73D7DE3F882F} = {1E32BFD0-2CAB-4D48-875F-552CFD2E4282}
		{1099E5CD-281E-4D13-B0C0-E2B44C0E801E} = {A8D56F72-D5EA-45FA-BB3C-12504297846A}
		{7F5974D0-D5A8-46B2-B75F-C56D436E0C79} = {1099E5CD-281E-4D13-B0C0-E2B44C0E801E}
		{B31E0627-E5CE-4C8F-A9C3-12C81511A096} = {1099E5CD-281E-4D13-B0C0-E2B44C0E801E}
		{212A2B2C-B61D-4B2A-BF76-38A34BC4DAC8} = {1099E5CD-281E-4D13-B0C0-E2B44C0E801E}
		{BA560F2A-FCAD-4B72-81EF-E8446C18A908} = {1099E5CD-281E-4D13-B0C0-E2B44C0E801E}
		{89BBAB32-E142-405F-B55B-3A0E0C298B9C} = {1099E5CD-281E-4D13-B0C0-E2B44C0E801E}
	EndGlobalSection
EndGlobal
